
Microsoft Visual Studio Solution File, Format Version 12.00
Project("{FAE04EC0-301F-11D3-BF4B-00C04F79EFBC}") = "BMW.CloudAdoption.Parts.Api", "BMW.CloudAdoption.Parts.Api\BMW.CloudAdoption.Parts.Api.csproj", "{BF7FCB3A-1994-4577-9AC8-98CE07D8FB07}"
EndProject
Project("{FAE04EC0-301F-11D3-BF4B-00C04F79EFBC}") = "BMW.CloudAdoption.Parts.Tests", "BMW.CloudAdoption.Parts.Tests\BMW.CloudAdoption.Parts.Tests.csproj", "{A6628E67-FF9D-4761-AA84-46CC9CC1832A}"
EndProject
Project("{FAE04EC0-301F-11D3-BF4B-00C04F79EFBC}") = "BMW.CloudAdoption.Parts.PartsLoader", "BMW.CloudAdoption.Parts.PartsLoader\BMW.CloudAdoption.Parts.PartsLoader.csproj", "{7EBC121F-FB9F-47B6-BCB2-70A565334BF6}"
EndProject
Global
	GlobalSection(SolutionConfigurationPlatforms) = preSolution
		Debug|Any CPU = Debug|Any CPU
		Release|Any CPU = Release|Any CPU
	EndGlobalSection
	GlobalSection(ProjectConfigurationPlatforms) = postSolution
		{BF7FCB3A-1994-4577-9AC8-98CE07D8FB07}.Debug|Any CPU.ActiveCfg = Debug|Any CPU
		{BF7FCB3A-1994-4577-9AC8-98CE07D8FB07}.Debug|Any CPU.Build.0 = Debug|Any CPU
		{BF7FCB3A-1994-4577-9AC8-98CE07D8FB07}.Release|Any CPU.ActiveCfg = Release|Any CPU
		{BF7FCB3A-1994-4577-9AC8-98CE07D8FB07}.Release|Any CPU.Build.0 = Release|Any CPU
		{A6628E67-FF9D-4761-AA84-46CC9CC1832A}.Debug|Any CPU.ActiveCfg = Debug|Any CPU
		{A6628E67-FF9D-4761-AA84-46CC9CC1832A}.Debug|Any CPU.Build.0 = Debug|Any CPU
		{A6628E67-FF9D-4761-AA84-46CC9CC1832A}.Release|Any CPU.ActiveCfg = Release|Any CPU
		{A6628E67-FF9D-4761-AA84-46CC9CC1832A}.Release|Any CPU.Build.0 = Release|Any CPU
		{7EBC121F-FB9F-47B6-BCB2-70A565334BF6}.Debug|Any CPU.ActiveCfg = Debug|Any CPU
		{7EBC121F-FB9F-47B6-BCB2-70A565334BF6}.Debug|Any CPU.Build.0 = Debug|Any CPU
		{7EBC121F-FB9F-47B6-BCB2-70A565334BF6}.Release|Any CPU.ActiveCfg = Release|Any CPU
		{7EBC121F-FB9F-47B6-BCB2-70A565334BF6}.Release|Any CPU.Build.0 = Release|Any CPU
	EndGlobalSection
EndGlobal
